
Microsoft Visual Studio Solution File, Format Version 12.00
# Visual Studio Version 16
VisualStudioVersion = 16.0.30523.141
MinimumVisualStudioVersion = 10.0.40219.1
Project("{FAE04EC0-301F-11D3-BF4B-00C04F79EFBC}") = "ContinuousVarArithmeticMeanTask2", "ContinuousVarArithmeticMeanTask2\ContinuousVarArithmeticMeanTask2.csproj", "{B5996E56-F177-4225-8AB5-318516373C0D}"
EndProject
Global
	GlobalSection(SolutionConfigurationPlatforms) = preSolution
		Debug|Any CPU = Debug|Any CPU
		Release|Any CPU = Release|Any CPU
	EndGlobalSection
	GlobalSection(ProjectConfigurationPlatforms) = postSolution
		{B5996E56-F177-4225-8AB5-318516373C0D}.Debug|Any CPU.ActiveCfg = Debug|Any CPU
		{B5996E56-F177-4225-8AB5-318516373C0D}.Debug|Any CPU.Build.0 = Debug|Any CPU
		{B5996E56-F177-4225-8AB5-318516373C0D}.Release|Any CPU.ActiveCfg = Release|Any CPU
		{B5996E56-F177-4225-8AB5-318516373C0D}.Release|Any CPU.Build.0 = Release|Any CPU
	EndGlobalSection
	GlobalSection(SolutionProperties) = preSolution
		HideSolutionNode = FALSE
	EndGlobalSection
	GlobalSection(ExtensibilityGlobals) = postSolution
		SolutionGuid = {C37AC55E-2BC7-4516-986C-EDD306B50CB1}
	EndGlobalSection
EndGlobal
